
Microsoft Visual Studio Solution File, Format Version 12.00
# Visual Studio Version 17
VisualStudioVersion = 17.8.34525.116
MinimumVisualStudioVersion = 10.0.40219.1
Project("{FAE04EC0-301F-11D3-BF4B-00C04F79EFBC}") = "Dijital_carsi", "Dijital_carsi.csproj", "{36225394-222D-4CA0-AD2C-3344EB2B2F07}"
EndProject
Project("{FAE04EC0-301F-11D3-BF4B-00C04F79EFBC}") = "DataAccess", "..\DataAccess\DataAccess.csproj", "{637D2FD9-DED2-4F5C-8479-C1B267FC9224}"
EndProject
Project("{FAE04EC0-301F-11D3-BF4B-00C04F79EFBC}") = "Business", "..\Business\Business.csproj", "{1CE05EEE-4AB5-48BE-B1BB-81328427EFA0}"
EndProject
Project("{FAE04EC0-301F-11D3-BF4B-00C04F79EFBC}") = "Core", "..\Core\Core.csproj", "{9FEABD7E-0E30-410B-88ED-492DDF9A5ACA}"
EndProject
Global
	GlobalSection(SolutionConfigurationPlatforms) = preSolution
		Debug|Any CPU = Debug|Any CPU
		Release|Any CPU = Release|Any CPU
	EndGlobalSection
	GlobalSection(ProjectConfigurationPlatforms) = postSolution
		{36225394-222D-4CA0-AD2C-3344EB2B2F07}.Debug|Any CPU.ActiveCfg = Debug|Any CPU
		{36225394-222D-4CA0-AD2C-3344EB2B2F07}.Debug|Any CPU.Build.0 = Debug|Any CPU
		{36225394-222D-4CA0-AD2C-3344EB2B2F07}.Release|Any CPU.ActiveCfg = Release|Any CPU
		{36225394-222D-4CA0-AD2C-3344EB2B2F07}.Release|Any CPU.Build.0 = Release|Any CPU
		{637D2FD9-DED2-4F5C-8479-C1B267FC9224}.Debug|Any CPU.ActiveCfg = Debug|Any CPU
		{637D2FD9-DED2-4F5C-8479-C1B267FC9224}.Debug|Any CPU.Build.0 = Debug|Any CPU
		{637D2FD9-DED2-4F5C-8479-C1B267FC9224}.Release|Any CPU.ActiveCfg = Release|Any CPU
		{637D2FD9-DED2-4F5C-8479-C1B267FC9224}.Release|Any CPU.Build.0 = Release|Any CPU
		{1CE05EEE-4AB5-48BE-B1BB-81328427EFA0}.Debug|Any CPU.ActiveCfg = Debug|Any CPU
		{1CE05EEE-4AB5-48BE-B1BB-81328427EFA0}.Debug|Any CPU.Build.0 = Debug|Any CPU
		{1CE05EEE-4AB5-48BE-B1BB-81328427EFA0}.Release|Any CPU.ActiveCfg = Release|Any CPU
		{1CE05EEE-4AB5-48BE-B1BB-81328427EFA0}.Release|Any CPU.Build.0 = Release|Any CPU
		{9FEABD7E-0E30-410B-88ED-492DDF9A5ACA}.Debug|Any CPU.ActiveCfg = Debug|Any CPU
		{9FEABD7E-0E30-410B-88ED-492DDF9A5ACA}.Debug|Any CPU.Build.0 = Debug|Any CPU
		{9FEABD7E-0E30-410B-88ED-492DDF9A5ACA}.Release|Any CPU.ActiveCfg = Release|Any CPU
		{9FEABD7E-0E30-410B-88ED-492DDF9A5ACA}.Release|Any CPU.Build.0 = Release|Any CPU
	EndGlobalSection
	GlobalSection(SolutionProperties) = preSolution
		HideSolutionNode = FALSE
	EndGlobalSection
	GlobalSection(ExtensibilityGlobals) = postSolution
		SolutionGuid = {E3AD6E41-9277-460E-BC8C-118744D4CECB}
	EndGlobalSection
EndGlobal
